
Microsoft Visual Studio Solution File, Format Version 12.00
# Visual Studio Version 17
VisualStudioVersion = 17.5.33424.131
MinimumVisualStudioVersion = 10.0.40219.1
Project("{FAE04EC0-301F-11D3-BF4B-00C04F79EFBC}") = "Graph estimator", "Graph estimator.csproj", "{7F161655-E194-4B81-B867-1EFAE8DA5F09}"
EndProject
Global
	GlobalSection(SolutionConfigurationPlatforms) = preSolution
		Debug|Any CPU = Debug|Any CPU
		Release|Any CPU = Release|Any CPU
	EndGlobalSection
	GlobalSection(ProjectConfigurationPlatforms) = postSolution
		{7F161655-E194-4B81-B867-1EFAE8DA5F09}.Debug|Any CPU.ActiveCfg = Debug|Any CPU
		{7F161655-E194-4B81-B867-1EFAE8DA5F09}.Debug|Any CPU.Build.0 = Debug|Any CPU
		{7F161655-E194-4B81-B867-1EFAE8DA5F09}.Release|Any CPU.ActiveCfg = Release|Any CPU
		{7F161655-E194-4B81-B867-1EFAE8DA5F09}.Release|Any CPU.Build.0 = Release|Any CPU
	EndGlobalSection
	GlobalSection(SolutionProperties) = preSolution
		HideSolutionNode = FALSE
	EndGlobalSection
	GlobalSection(ExtensibilityGlobals) = postSolution
		SolutionGuid = {4D39450E-669A-47D4-A071-6FC3137B6B6E}
	EndGlobalSection
EndGlobal
